Microsoft Visual Studio Solution File, Format Version 12.00
# Visual Studio Version 17
VisualStudioVersion = 17.0.31903.59
MinimumVisualStudioVersion = 10.0.40219.1
Project("{2150E333-8FDC-42A3-9474-1A3956D46DE8}") = "src", "src", "{83FE5262-3133-4A75-A5DF-6330AE7B71A7}"
EndProject
Project("{FAE04EC0-301F-11D3-BF4B-00C04F79EFBC}") = "GenericRepositoryEF.Core", "src\GenericRepositoryEF.Core\GenericRepositoryEF.Core.csproj", "{9725E5B9-BE8A-4567-9DFA-1C8784086A40}"
EndProject
Project("{FAE04EC0-301F-11D3-BF4B-00C04F79EFBC}") = "GenericRepositoryEF.Infrastructure", "src\GenericRepositoryEF.Infrastructure\GenericRepositoryEF.Infrastructure.csproj", "{CFBC85B0-6B88-4CD5-A88D-C34787FEC53A}"
EndProject
Project("{FAE04EC0-301F-11D3-BF4B-00C04F79EFBC}") = "GenericRepositoryEF.Extensions", "src\GenericRepositoryEF.Extensions\GenericRepositoryEF.Extensions.csproj", "{A80BE24D-9A61-47B3-9B8C-7F5D86F8A22E}"
EndProject
Project("{2150E333-8FDC-42A3-9474-1A3956D46DE8}") = "tests", "tests", "{28EA6A83-5436-4A4F-9454-26C9B49C9148}"
EndProject
Project("{2150E333-8FDC-42A3-9474-1A3956D46DE8}") = "samples", "samples", "{B35BEF9F-77E9-4290-87C2-D99DBDD7B9D2}"
EndProject
Project("{2150E333-8FDC-42A3-9474-1A3956D46DE8}") = "docs", "docs", "{78A47B3C-7D7D-4FE1-B9F0-6DD2748F15E7}"
EndProject
Global
	GlobalSection(SolutionConfigurationPlatforms) = preSolution
		Debug|Any CPU = Debug|Any CPU
		Release|Any CPU = Release|Any CPU
	EndGlobalSection
	GlobalSection(SolutionProperties) = preSolution
		HideSolutionNode = FALSE
	EndGlobalSection
	GlobalSection(ProjectConfigurationPlatforms) = postSolution
		{9725E5B9-BE8A-4567-9DFA-1C8784086A40}.Debug|Any CPU.ActiveCfg = Debug|Any CPU
		{9725E5B9-BE8A-4567-9DFA-1C8784086A40}.Debug|Any CPU.Build.0 = Debug|Any CPU
		{9725E5B9-BE8A-4567-9DFA-1C8784086A40}.Release|Any CPU.ActiveCfg = Release|Any CPU
		{9725E5B9-BE8A-4567-9DFA-1C8784086A40}.Release|Any CPU.Build.0 = Release|Any CPU
		{CFBC85B0-6B88-4CD5-A88D-C34787FEC53A}.Debug|Any CPU.ActiveCfg = Debug|Any CPU
		{CFBC85B0-6B88-4CD5-A88D-C34787FEC53A}.Debug|Any CPU.Build.0 = Debug|Any CPU
		{CFBC85B0-6B88-4CD5-A88D-C34787FEC53A}.Release|Any CPU.ActiveCfg = Release|Any CPU
		{CFBC85B0-6B88-4CD5-A88D-C34787FEC53A}.Release|Any CPU.Build.0 = Release|Any CPU
		{A80BE24D-9A61-47B3-9B8C-7F5D86F8A22E}.Debug|Any CPU.ActiveCfg = Debug|Any CPU
		{A80BE24D-9A61-47B3-9B8C-7F5D86F8A22E}.Debug|Any CPU.Build.0 = Debug|Any CPU
		{A80BE24D-9A61-47B3-9B8C-7F5D86F8A22E}.Release|Any CPU.ActiveCfg = Release|Any CPU
		{A80BE24D-9A61-47B3-9B8C-7F5D86F8A22E}.Release|Any CPU.Build.0 = Release|Any CPU
	EndGlobalSection
	GlobalSection(NestedProjects) = preSolution
		{9725E5B9-BE8A-4567-9DFA-1C8784086A40} = {83FE5262-3133-4A75-A5DF-6330AE7B71A7}
		{CFBC85B0-6B88-4CD5-A88D-C34787FEC53A} = {83FE5262-3133-4A75-A5DF-6330AE7B71A7}
		{A80BE24D-9A61-47B3-9B8C-7F5D86F8A22E} = {83FE5262-3133-4A75-A5DF-6330AE7B71A7}
	EndGlobalSection
EndGlobal