
Microsoft Visual Studio Solution File, Format Version 12.00
# Visual Studio Version 17
VisualStudioVersion = 17.0.31903.59
MinimumVisualStudioVersion = 10.0.40219.1
Project("{2150E333-8FDC-42A3-9474-1A3956D46DE8}") = "src", "src", "{2DE0515C-3AA0-4BD5-9396-2D9FA0F06BCD}"
EndProject
Project("{FAE04EC0-301F-11D3-BF4B-00C04F79EFBC}") = "GenericRepositoryEF.Core", "src\GenericRepositoryEF.Core\GenericRepositoryEF.Core.csproj", "{811C0E68-47EC-4EC6-B4E7-DCD0482EBF7C}"
EndProject
Project("{FAE04EC0-301F-11D3-BF4B-00C04F79EFBC}") = "GenericRepositoryEF.Infrastructure", "src\GenericRepositoryEF.Infrastructure\GenericRepositoryEF.Infrastructure.csproj", "{EEE90276-CBF6-4BDF-9605-8A46D2B8BE1A}"
EndProject
Project("{FAE04EC0-301F-11D3-BF4B-00C04F79EFBC}") = "GenericRepositoryEF.Extensions", "src\GenericRepositoryEF.Extensions\GenericRepositoryEF.Extensions.csproj", "{312431E5-7F86-47AE-A6A4-349E9816E174}"
EndProject
Project("{2150E333-8FDC-42A3-9474-1A3956D46DE8}") = "tests", "tests", "{3DD9816B-F6CD-4CD6-A65F-CF89199E849C}"
EndProject
Project("{FAE04EC0-301F-11D3-BF4B-00C04F79EFBC}") = "GenericRepositoryEF.UnitTests", "tests\GenericRepositoryEF.UnitTests\GenericRepositoryEF.UnitTests.csproj", "{7850E81B-E062-4408-961F-2D83ED8FEB79}"
EndProject
Project("{FAE04EC0-301F-11D3-BF4B-00C04F79EFBC}") = "GenericRepositoryEF.IntegrationTests", "tests\GenericRepositoryEF.IntegrationTests\GenericRepositoryEF.IntegrationTests.csproj", "{A5DA2BC2-766E-469A-AEED-F30B3E6A0B8C}"
EndProject
Project("{2150E333-8FDC-42A3-9474-1A3956D46DE8}") = "samples", "samples", "{5E560E84-DE99-40E5-8242-54DAA8108135}"
EndProject
Project("{FAE04EC0-301F-11D3-BF4B-00C04F79EFBC}") = "SampleApi", "samples\SampleApi\SampleApi.csproj", "{FCF52AAE-1F89-4199-AAEB-61EEFAA108AE}"
EndProject
Project("{FAE04EC0-301F-11D3-BF4B-00C04F79EFBC}") = "SampleConsole", "samples\SampleConsole\SampleConsole.csproj", "{A3927545-1A84-4F58-971E-77B689B73327}"
EndProject
Project("{FAE04EC0-301F-11D3-BF4B-00C04F79EFBC}") = "SampleBlazor", "samples\SampleBlazor\SampleBlazor.csproj", "{EE053D6B-93FC-4FDC-BF9F-9DE2F3CCD616}"
EndProject
Global
	GlobalSection(SolutionConfigurationPlatforms) = preSolution
		Debug|Any CPU = Debug|Any CPU
		Release|Any CPU = Release|Any CPU
	EndGlobalSection
	GlobalSection(SolutionProperties) = preSolution
		HideSolutionNode = FALSE
	EndGlobalSection
	GlobalSection(ProjectConfigurationPlatforms) = postSolution
		{811C0E68-47EC-4EC6-B4E7-DCD0482EBF7C}.Debug|Any CPU.ActiveCfg = Debug|Any CPU
		{811C0E68-47EC-4EC6-B4E7-DCD0482EBF7C}.Debug|Any CPU.Build.0 = Debug|Any CPU
		{811C0E68-47EC-4EC6-B4E7-DCD0482EBF7C}.Release|Any CPU.ActiveCfg = Release|Any CPU
		{811C0E68-47EC-4EC6-B4E7-DCD0482EBF7C}.Release|Any CPU.Build.0 = Release|Any CPU
		{EEE90276-CBF6-4BDF-9605-8A46D2B8BE1A}.Debug|Any CPU.ActiveCfg = Debug|Any CPU
		{EEE90276-CBF6-4BDF-9605-8A46D2B8BE1A}.Debug|Any CPU.Build.0 = Debug|Any CPU
		{EEE90276-CBF6-4BDF-9605-8A46D2B8BE1A}.Release|Any CPU.ActiveCfg = Release|Any CPU
		{EEE90276-CBF6-4BDF-9605-8A46D2B8BE1A}.Release|Any CPU.Build.0 = Release|Any CPU
		{312431E5-7F86-47AE-A6A4-349E9816E174}.Debug|Any CPU.ActiveCfg = Debug|Any CPU
		{312431E5-7F86-47AE-A6A4-349E9816E174}.Debug|Any CPU.Build.0 = Debug|Any CPU
		{312431E5-7F86-47AE-A6A4-349E9816E174}.Release|Any CPU.ActiveCfg = Release|Any CPU
		{312431E5-7F86-47AE-A6A4-349E9816E174}.Release|Any CPU.Build.0 = Release|Any CPU
		{7850E81B-E062-4408-961F-2D83ED8FEB79}.Debug|Any CPU.ActiveCfg = Debug|Any CPU
		{7850E81B-E062-4408-961F-2D83ED8FEB79}.Debug|Any CPU.Build.0 = Debug|Any CPU
		{7850E81B-E062-4408-961F-2D83ED8FEB79}.Release|Any CPU.ActiveCfg = Release|Any CPU
		{7850E81B-E062-4408-961F-2D83ED8FEB79}.Release|Any CPU.Build.0 = Release|Any CPU
		{A5DA2BC2-766E-469A-AEED-F30B3E6A0B8C}.Debug|Any CPU.ActiveCfg = Debug|Any CPU
		{A5DA2BC2-766E-469A-AEED-F30B3E6A0B8C}.Debug|Any CPU.Build.0 = Debug|Any CPU
		{A5DA2BC2-766E-469A-AEED-F30B3E6A0B8C}.Release|Any CPU.ActiveCfg = Release|Any CPU
		{A5DA2BC2-766E-469A-AEED-F30B3E6A0B8C}.Release|Any CPU.Build.0 = Release|Any CPU
		{FCF52AAE-1F89-4199-AAEB-61EEFAA108AE}.Debug|Any CPU.ActiveCfg = Debug|Any CPU
		{FCF52AAE-1F89-4199-AAEB-61EEFAA108AE}.Debug|Any CPU.Build.0 = Debug|Any CPU
		{FCF52AAE-1F89-4199-AAEB-61EEFAA108AE}.Release|Any CPU.ActiveCfg = Release|Any CPU
		{FCF52AAE-1F89-4199-AAEB-61EEFAA108AE}.Release|Any CPU.Build.0 = Release|Any CPU
		{A3927545-1A84-4F58-971E-77B689B73327}.Debug|Any CPU.ActiveCfg = Debug|Any CPU
		{A3927545-1A84-4F58-971E-77B689B73327}.Debug|Any CPU.Build.0 = Debug|Any CPU
		{A3927545-1A84-4F58-971E-77B689B73327}.Release|Any CPU.ActiveCfg = Release|Any CPU
		{A3927545-1A84-4F58-971E-77B689B73327}.Release|Any CPU.Build.0 = Release|Any CPU
		{EE053D6B-93FC-4FDC-BF9F-9DE2F3CCD616}.Debug|Any CPU.ActiveCfg = Debug|Any CPU
		{EE053D6B-93FC-4FDC-BF9F-9DE2F3CCD616}.Debug|Any CPU.Build.0 = Debug|Any CPU
		{EE053D6B-93FC-4FDC-BF9F-9DE2F3CCD616}.Release|Any CPU.ActiveCfg = Release|Any CPU
		{EE053D6B-93FC-4FDC-BF9F-9DE2F3CCD616}.Release|Any CPU.Build.0 = Release|Any CPU
	EndGlobalSection
	GlobalSection(NestedProjects) = preSolution
		{811C0E68-47EC-4EC6-B4E7-DCD0482EBF7C} = {2DE0515C-3AA0-4BD5-9396-2D9FA0F06BCD}
		{EEE90276-CBF6-4BDF-9605-8A46D2B8BE1A} = {2DE0515C-3AA0-4BD5-9396-2D9FA0F06BCD}
		{312431E5-7F86-47AE-A6A4-349E9816E174} = {2DE0515C-3AA0-4BD5-9396-2D9FA0F06BCD}
		{7850E81B-E062-4408-961F-2D83ED8FEB79} = {3DD9816B-F6CD-4CD6-A65F-CF89199E849C}
		{A5DA2BC2-766E-469A-AEED-F30B3E6A0B8C} = {3DD9816B-F6CD-4CD6-A65F-CF89199E849C}
		{FCF52AAE-1F89-4199-AAEB-61EEFAA108AE} = {5E560E84-DE99-40E5-8242-54DAA8108135}
		{A3927545-1A84-4F58-971E-77B689B73327} = {5E560E84-DE99-40E5-8242-54DAA8108135}
		{EE053D6B-93FC-4FDC-BF9F-9DE2F3CCD616} = {5E560E84-DE99-40E5-8242-54DAA8108135}
	EndGlobalSection
EndGlobal
